
Microsoft Visual Studio Solution File, Format Version 12.00
# Visual Studio Version 16
VisualStudioVersion = 16.0.30907.101
MinimumVisualStudioVersion = 10.0.40219.1
Project("{FAE04EC0-301F-11D3-BF4B-00C04F79EFBC}") = "DayNote", "DayNote\DayNote.csproj", "{F23C9C46-5E00-47E3-B44C-5451ACA5030F}"
EndProject
Global
	GlobalSection(SolutionConfigurationPlatforms) = preSolution
		Debug|Any CPU = Debug|Any CPU
		Release|Any CPU = Release|Any CPU
	EndGlobalSection
	GlobalSection(ProjectConfigurationPlatforms) = postSolution
		{F23C9C46-5E00-47E3-B44C-5451ACA5030F}.Debug|Any CPU.ActiveCfg = Debug|Any CPU
		{F23C9C46-5E00-47E3-B44C-5451ACA5030F}.Debug|Any CPU.Build.0 = Debug|Any CPU
		{F23C9C46-5E00-47E3-B44C-5451ACA5030F}.Release|Any CPU.ActiveCfg = Release|Any CPU
		{F23C9C46-5E00-47E3-B44C-5451ACA5030F}.Release|Any CPU.Build.0 = Release|Any CPU
	EndGlobalSection
	GlobalSection(SolutionProperties) = preSolution
		HideSolutionNode = FALSE
	EndGlobalSection
	GlobalSection(ExtensibilityGlobals) = postSolution
		SolutionGuid = {0D8F6FDB-00BD-43C1-B57F-400B889DB728}
	EndGlobalSection
EndGlobal
